
Microsoft Visual Studio Solution File, Format Version 12.00
# Visual Studio Version 17
VisualStudioVersion = 17.13.35806.99
MinimumVisualStudioVersion = 10.0.40219.1
Project("{FAE04EC0-301F-11D3-BF4B-00C04F79EFBC}") = "Csharp_four", "Csharp_four\Csharp_four.csproj", "{5A31C061-2708-45C9-A757-F093928C58E6}"
EndProject
Project("{FAE04EC0-301F-11D3-BF4B-00C04F79EFBC}") = "Lesson", "Lesson\Lesson.csproj", "{325BD6FD-89D6-49C9-BDC4-D5CEE44B7CF8}"
EndProject
Project("{FAE04EC0-301F-11D3-BF4B-00C04F79EFBC}") = "xiebian_and_nibian", "ConsoleApp1\xiebian_and_nibian.csproj", "{15A35A63-0A27-494F-925C-E9BE4C36E701}"
EndProject
Project("{FAE04EC0-301F-11D3-BF4B-00C04F79EFBC}") = "DuoXianCheng", "DuoXianCheng\DuoXianCheng.csproj", "{DC73EDE6-7B22-49D5-AE79-250043EBE243}"
EndProject
Project("{FAE04EC0-301F-11D3-BF4B-00C04F79EFBC}") = "ClassLibrary1_test", "ClassLibrary1_test\ClassLibrary1_test.csproj", "{17A23303-4960-4D89-816B-0CEBF8388C5C}"
EndProject
Project("{FAE04EC0-301F-11D3-BF4B-00C04F79EFBC}") = "texing", "texing\texing.csproj", "{05110E61-B045-463E-86EE-1D0847BC8616}"
	ProjectSection(ProjectDependencies) = postProject
		{C9130BD7-16D4-4E5C-8ECB-D8A182B6ADE4} = {C9130BD7-16D4-4E5C-8ECB-D8A182B6ADE4}
	EndProjectSection
EndProject
Project("{8BC9CEB8-8B4A-11D0-8D11-00A0C91BC942}") = "Dll1", "Dll1\Dll1.vcxproj", "{C9130BD7-16D4-4E5C-8ECB-D8A182B6ADE4}"
EndProject
Project("{8BC9CEB8-8B4A-11D0-8D11-00A0C91BC942}") = "Dll2", "Dll2\Dll2.vcxproj", "{8B7F9DE2-265C-4947-9D1D-816C4C63CD5E}"
EndProject
Project("{FAE04EC0-301F-11D3-BF4B-00C04F79EFBC}") = "Iterator", "Iterator\Iterator.csproj", "{9900D734-E1CC-48E1-B130-BA3F813FB9FF}"
EndProject
Global
	GlobalSection(SolutionConfigurationPlatforms) = preSolution
		Debug|Any CPU = Debug|Any CPU
		Debug|x64 = Debug|x64
		Debug|x86 = Debug|x86
		Release|Any CPU = Release|Any CPU
		Release|x64 = Release|x64
		Release|x86 = Release|x86
	EndGlobalSection
	GlobalSection(ProjectConfigurationPlatforms) = postSolution
		{5A31C061-2708-45C9-A757-F093928C58E6}.Debug|Any CPU.ActiveCfg = Debug|Any CPU
		{5A31C061-2708-45C9-A757-F093928C58E6}.Debug|Any CPU.Build.0 = Debug|Any CPU
		{5A31C061-2708-45C9-A757-F093928C58E6}.Debug|x64.ActiveCfg = Debug|Any CPU
		{5A31C061-2708-45C9-A757-F093928C58E6}.Debug|x64.Build.0 = Debug|Any CPU
		{5A31C061-2708-45C9-A757-F093928C58E6}.Debug|x86.ActiveCfg = Debug|Any CPU
		{5A31C061-2708-45C9-A757-F093928C58E6}.Debug|x86.Build.0 = Debug|Any CPU
		{5A31C061-2708-45C9-A757-F093928C58E6}.Release|Any CPU.ActiveCfg = Release|Any CPU
		{5A31C061-2708-45C9-A757-F093928C58E6}.Release|Any CPU.Build.0 = Release|Any CPU
		{5A31C061-2708-45C9-A757-F093928C58E6}.Release|x64.ActiveCfg = Release|Any CPU
		{5A31C061-2708-45C9-A757-F093928C58E6}.Release|x64.Build.0 = Release|Any CPU
		{5A31C061-2708-45C9-A757-F093928C58E6}.Release|x86.ActiveCfg = Release|Any CPU
		{5A31C061-2708-45C9-A757-F093928C58E6}.Release|x86.Build.0 = Release|Any CPU
		{325BD6FD-89D6-49C9-BDC4-D5CEE44B7CF8}.Debug|Any CPU.ActiveCfg = Debug|Any CPU
		{325BD6FD-89D6-49C9-BDC4-D5CEE44B7CF8}.Debug|Any CPU.Build.0 = Debug|Any CPU
		{325BD6FD-89D6-49C9-BDC4-D5CEE44B7CF8}.Debug|x64.ActiveCfg = Debug|Any CPU
		{325BD6FD-89D6-49C9-BDC4-D5CEE44B7CF8}.Debug|x64.Build.0 = Debug|Any CPU
		{325BD6FD-89D6-49C9-BDC4-D5CEE44B7CF8}.Debug|x86.ActiveCfg = Debug|Any CPU
		{325BD6FD-89D6-49C9-BDC4-D5CEE44B7CF8}.Debug|x86.Build.0 = Debug|Any CPU
		{325BD6FD-89D6-49C9-BDC4-D5CEE44B7CF8}.Release|Any CPU.ActiveCfg = Release|Any CPU
		{325BD6FD-89D6-49C9-BDC4-D5CEE44B7CF8}.Release|Any CPU.Build.0 = Release|Any CPU
		{325BD6FD-89D6-49C9-BDC4-D5CEE44B7CF8}.Release|x64.ActiveCfg = Release|Any CPU
		{325BD6FD-89D6-49C9-BDC4-D5CEE44B7CF8}.Release|x64.Build.0 = Release|Any CPU
		{325BD6FD-89D6-49C9-BDC4-D5CEE44B7CF8}.Release|x86.ActiveCfg = Release|Any CPU
		{325BD6FD-89D6-49C9-BDC4-D5CEE44B7CF8}.Release|x86.Build.0 = Release|Any CPU
		{15A35A63-0A27-494F-925C-E9BE4C36E701}.Debug|Any CPU.ActiveCfg = Debug|Any CPU
		{15A35A63-0A27-494F-925C-E9BE4C36E701}.Debug|Any CPU.Build.0 = Debug|Any CPU
		{15A35A63-0A27-494F-925C-E9BE4C36E701}.Debug|x64.ActiveCfg = Debug|Any CPU
		{15A35A63-0A27-494F-925C-E9BE4C36E701}.Debug|x64.Build.0 = Debug|Any CPU
		{15A35A63-0A27-494F-925C-E9BE4C36E701}.Debug|x86.ActiveCfg = Debug|Any CPU
		{15A35A63-0A27-494F-925C-E9BE4C36E701}.Debug|x86.Build.0 = Debug|Any CPU
		{15A35A63-0A27-494F-925C-E9BE4C36E701}.Release|Any CPU.ActiveCfg = Release|Any CPU
		{15A35A63-0A27-494F-925C-E9BE4C36E701}.Release|Any CPU.Build.0 = Release|Any CPU
		{15A35A63-0A27-494F-925C-E9BE4C36E701}.Release|x64.ActiveCfg = Release|Any CPU
		{15A35A63-0A27-494F-925C-E9BE4C36E701}.Release|x64.Build.0 = Release|Any CPU
		{15A35A63-0A27-494F-925C-E9BE4C36E701}.Release|x86.ActiveCfg = Release|Any CPU
		{15A35A63-0A27-494F-925C-E9BE4C36E701}.Release|x86.Build.0 = Release|Any CPU
		{DC73EDE6-7B22-49D5-AE79-250043EBE243}.Debug|Any CPU.ActiveCfg = Debug|Any CPU
		{DC73EDE6-7B22-49D5-AE79-250043EBE243}.Debug|Any CPU.Build.0 = Debug|Any CPU
		{DC73EDE6-7B22-49D5-AE79-250043EBE243}.Debug|x64.ActiveCfg = Debug|Any CPU
		{DC73EDE6-7B22-49D5-AE79-250043EBE243}.Debug|x64.Build.0 = Debug|Any CPU
		{DC73EDE6-7B22-49D5-AE79-250043EBE243}.Debug|x86.ActiveCfg = Debug|Any CPU
		{DC73EDE6-7B22-49D5-AE79-250043EBE243}.Debug|x86.Build.0 = Debug|Any CPU
		{DC73EDE6-7B22-49D5-AE79-250043EBE243}.Release|Any CPU.ActiveCfg = Release|Any CPU
		{DC73EDE6-7B22-49D5-AE79-250043EBE243}.Release|Any CPU.Build.0 = Release|Any CPU
		{DC73EDE6-7B22-49D5-AE79-250043EBE243}.Release|x64.ActiveCfg = Release|Any CPU
		{DC73EDE6-7B22-49D5-AE79-250043EBE243}.Release|x64.Build.0 = Release|Any CPU
		{DC73EDE6-7B22-49D5-AE79-250043EBE243}.Release|x86.ActiveCfg = Release|Any CPU
		{DC73EDE6-7B22-49D5-AE79-250043EBE243}.Release|x86.Build.0 = Release|Any CPU
		{17A23303-4960-4D89-816B-0CEBF8388C5C}.Debug|Any CPU.ActiveCfg = Debug|Any CPU
		{17A23303-4960-4D89-816B-0CEBF8388C5C}.Debug|Any CPU.Build.0 = Debug|Any CPU
		{17A23303-4960-4D89-816B-0CEBF8388C5C}.Debug|x64.ActiveCfg = Debug|Any CPU
		{17A23303-4960-4D89-816B-0CEBF8388C5C}.Debug|x64.Build.0 = Debug|Any CPU
		{17A23303-4960-4D89-816B-0CEBF8388C5C}.Debug|x86.ActiveCfg = Debug|Any CPU
		{17A23303-4960-4D89-816B-0CEBF8388C5C}.Debug|x86.Build.0 = Debug|Any CPU
		{17A23303-4960-4D89-816B-0CEBF8388C5C}.Release|Any CPU.ActiveCfg = Release|Any CPU
		{17A23303-4960-4D89-816B-0CEBF8388C5C}.Release|Any CPU.Build.0 = Release|Any CPU
		{17A23303-4960-4D89-816B-0CEBF8388C5C}.Release|x64.ActiveCfg = Release|Any CPU
		{17A23303-4960-4D89-816B-0CEBF8388C5C}.Release|x64.Build.0 = Release|Any CPU
		{17A23303-4960-4D89-816B-0CEBF8388C5C}.Release|x86.ActiveCfg = Release|Any CPU
		{17A23303-4960-4D89-816B-0CEBF8388C5C}.Release|x86.Build.0 = Release|Any CPU
		{05110E61-B045-463E-86EE-1D0847BC8616}.Debug|Any CPU.ActiveCfg = Debug|Any CPU
		{05110E61-B045-463E-86EE-1D0847BC8616}.Debug|Any CPU.Build.0 = Debug|Any CPU
		{05110E61-B045-463E-86EE-1D0847BC8616}.Debug|x64.ActiveCfg = Debug|Any CPU
		{05110E61-B045-463E-86EE-1D0847BC8616}.Debug|x64.Build.0 = Debug|Any CPU
		{05110E61-B045-463E-86EE-1D0847BC8616}.Debug|x86.ActiveCfg = Debug|Any CPU
		{05110E61-B045-463E-86EE-1D0847BC8616}.Debug|x86.Build.0 = Debug|Any CPU
		{05110E61-B045-463E-86EE-1D0847BC8616}.Release|Any CPU.ActiveCfg = Release|Any CPU
		{05110E61-B045-463E-86EE-1D0847BC8616}.Release|Any CPU.Build.0 = Release|Any CPU
		{05110E61-B045-463E-86EE-1D0847BC8616}.Release|x64.ActiveCfg = Release|Any CPU
		{05110E61-B045-463E-86EE-1D0847BC8616}.Release|x64.Build.0 = Release|Any CPU
		{05110E61-B045-463E-86EE-1D0847BC8616}.Release|x86.ActiveCfg = Release|Any CPU
		{05110E61-B045-463E-86EE-1D0847BC8616}.Release|x86.Build.0 = Release|Any CPU
		{C9130BD7-16D4-4E5C-8ECB-D8A182B6ADE4}.Debug|Any CPU.ActiveCfg = Debug|x64
		{C9130BD7-16D4-4E5C-8ECB-D8A182B6ADE4}.Debug|Any CPU.Build.0 = Debug|x64
		{C9130BD7-16D4-4E5C-8ECB-D8A182B6ADE4}.Debug|x64.ActiveCfg = Debug|x64
		{C9130BD7-16D4-4E5C-8ECB-D8A182B6ADE4}.Debug|x64.Build.0 = Debug|x64
		{C9130BD7-16D4-4E5C-8ECB-D8A182B6ADE4}.Debug|x86.ActiveCfg = Debug|Win32
		{C9130BD7-16D4-4E5C-8ECB-D8A182B6ADE4}.Debug|x86.Build.0 = Debug|Win32
		{C9130BD7-16D4-4E5C-8ECB-D8A182B6ADE4}.Release|Any CPU.ActiveCfg = Release|x64
		{C9130BD7-16D4-4E5C-8ECB-D8A182B6ADE4}.Release|Any CPU.Build.0 = Release|x64
		{C9130BD7-16D4-4E5C-8ECB-D8A182B6ADE4}.Release|x64.ActiveCfg = Release|x64
		{C9130BD7-16D4-4E5C-8ECB-D8A182B6ADE4}.Release|x64.Build.0 = Release|x64
		{C9130BD7-16D4-4E5C-8ECB-D8A182B6ADE4}.Release|x86.ActiveCfg = Release|Win32
		{C9130BD7-16D4-4E5C-8ECB-D8A182B6ADE4}.Release|x86.Build.0 = Release|Win32
		{8B7F9DE2-265C-4947-9D1D-816C4C63CD5E}.Debug|Any CPU.ActiveCfg = Debug|x64
		{8B7F9DE2-265C-4947-9D1D-816C4C63CD5E}.Debug|Any CPU.Build.0 = Debug|x64
		{8B7F9DE2-265C-4947-9D1D-816C4C63CD5E}.Debug|x64.ActiveCfg = Debug|x64
		{8B7F9DE2-265C-4947-9D1D-816C4C63CD5E}.Debug|x64.Build.0 = Debug|x64
		{8B7F9DE2-265C-4947-9D1D-816C4C63CD5E}.Debug|x86.ActiveCfg = Debug|Win32
		{8B7F9DE2-265C-4947-9D1D-816C4C63CD5E}.Debug|x86.Build.0 = Debug|Win32
		{8B7F9DE2-265C-4947-9D1D-816C4C63CD5E}.Release|Any CPU.ActiveCfg = Release|x64
		{8B7F9DE2-265C-4947-9D1D-816C4C63CD5E}.Release|Any CPU.Build.0 = Release|x64
		{8B7F9DE2-265C-4947-9D1D-816C4C63CD5E}.Release|x64.ActiveCfg = Release|x64
		{8B7F9DE2-265C-4947-9D1D-816C4C63CD5E}.Release|x64.Build.0 = Release|x64
		{8B7F9DE2-265C-4947-9D1D-816C4C63CD5E}.Release|x86.ActiveCfg = Release|Win32
		{8B7F9DE2-265C-4947-9D1D-816C4C63CD5E}.Release|x86.Build.0 = Release|Win32
		{9900D734-E1CC-48E1-B130-BA3F813FB9FF}.Debug|Any CPU.ActiveCfg = Debug|Any CPU
		{9900D734-E1CC-48E1-B130-BA3F813FB9FF}.Debug|Any CPU.Build.0 = Debug|Any CPU
		{9900D734-E1CC-48E1-B130-BA3F813FB9FF}.Debug|x64.ActiveCfg = Debug|Any CPU
		{9900D734-E1CC-48E1-B130-BA3F813FB9FF}.Debug|x64.Build.0 = Debug|Any CPU
		{9900D734-E1CC-48E1-B130-BA3F813FB9FF}.Debug|x86.ActiveCfg = Debug|Any CPU
		{9900D734-E1CC-48E1-B130-BA3F813FB9FF}.Debug|x86.Build.0 = Debug|Any CPU
		{9900D734-E1CC-48E1-B130-BA3F813FB9FF}.Release|Any CPU.ActiveCfg = Release|Any CPU
		{9900D734-E1CC-48E1-B130-BA3F813FB9FF}.Release|Any CPU.Build.0 = Release|Any CPU
		{9900D734-E1CC-48E1-B130-BA3F813FB9FF}.Release|x64.ActiveCfg = Release|Any CPU
		{9900D734-E1CC-48E1-B130-BA3F813FB9FF}.Release|x64.Build.0 = Release|Any CPU
		{9900D734-E1CC-48E1-B130-BA3F813FB9FF}.Release|x86.ActiveCfg = Release|Any CPU
		{9900D734-E1CC-48E1-B130-BA3F813FB9FF}.Release|x86.Build.0 = Release|Any CPU
	EndGlobalSection
	GlobalSection(SolutionProperties) = preSolution
		HideSolutionNode = FALSE
	EndGlobalSection
	GlobalSection(ExtensibilityGlobals) = postSolution
		SolutionGuid = {ACB59AB7-6A2A-43CB-A0F1-D749341ECECB}
	EndGlobalSection
EndGlobal
