
Microsoft Visual Studio Solution File, Format Version 12.00
# Visual Studio Version 17
VisualStudioVersion = 17.13.35825.156 d17.13
MinimumVisualStudioVersion = 10.0.40219.1
Project("{FAE04EC0-301F-11D3-BF4B-00C04F79EFBC}") = "CSharp_test", "CSharp_test\CSharp_test.csproj", "{C7C20700-022C-4D17-8D54-16F511E463FB}"
EndProject
Global
	GlobalSection(SolutionConfigurationPlatforms) = preSolution
		Debug|Any CPU = Debug|Any CPU
		Release|Any CPU = Release|Any CPU
	EndGlobalSection
	GlobalSection(ProjectConfigurationPlatforms) = postSolution
		{C7C20700-022C-4D17-8D54-16F511E463FB}.Debug|Any CPU.ActiveCfg = Debug|Any CPU
		{C7C20700-022C-4D17-8D54-16F511E463FB}.Debug|Any CPU.Build.0 = Debug|Any CPU
		{C7C20700-022C-4D17-8D54-16F511E463FB}.Release|Any CPU.ActiveCfg = Release|Any CPU
		{C7C20700-022C-4D17-8D54-16F511E463FB}.Release|Any CPU.Build.0 = Release|Any CPU
	EndGlobalSection
	GlobalSection(SolutionProperties) = preSolution
		HideSolutionNode = FALSE
	EndGlobalSection
	GlobalSection(ExtensibilityGlobals) = postSolution
		SolutionGuid = {2BF9C857-19AA-4A5B-B7E2-66FCDCB47CD6}
	EndGlobalSection
EndGlobal
